
Microsoft Visual Studio Solution File, Format Version 12.00
# Visual Studio Version 17
VisualStudioVersion = 17.9.34723.18
MinimumVisualStudioVersion = 10.0.40219.1
Project("{FAE04EC0-301F-11D3-BF4B-00C04F79EFBC}") = "RentalCar", "RentalCar\RentalCar.csproj", "{A35AC6BE-8B0B-44E4-B81B-389CCAFB071C}"
EndProject
Global
	GlobalSection(SolutionConfigurationPlatforms) = preSolution
		Debug|Any CPU = Debug|Any CPU
		Release|Any CPU = Release|Any CPU
	EndGlobalSection
	GlobalSection(ProjectConfigurationPlatforms) = postSolution
		{A35AC6BE-8B0B-44E4-B81B-389CCAFB071C}.Debug|Any CPU.ActiveCfg = Debug|Any CPU
		{A35AC6BE-8B0B-44E4-B81B-389CCAFB071C}.Debug|Any CPU.Build.0 = Debug|Any CPU
		{A35AC6BE-8B0B-44E4-B81B-389CCAFB071C}.Release|Any CPU.ActiveCfg = Release|Any CPU
		{A35AC6BE-8B0B-44E4-B81B-389CCAFB071C}.Release|Any CPU.Build.0 = Release|Any CPU
	EndGlobalSection
	GlobalSection(SolutionProperties) = preSolution
		HideSolutionNode = FALSE
	EndGlobalSection
	GlobalSection(ExtensibilityGlobals) = postSolution
		SolutionGuid = {49CB897E-DB60-49A7-BD3B-8E3B135909D5}
	EndGlobalSection
EndGlobal
